{
  "name": "hiti-cms.github.io",
  "lockfileVersion": 2,
  "requires": true,
  "packages": {
    "": {
      "dependencies": {
        "docsify-mermaid": "^1.0.0"
      }
    },
    "node_modules/docsify-mermaid": {
      "version": "1.0.0",
      "resolved": "https://registry.npmjs.org/docsify-mermaid/-/docsify-mermaid-1.0.0.tgz",
      "integrity": "sha512-KytoHFO0Geo+qgl3UjH5s8Y5sl0JSN61PKosbsM0TfeywhwT9EktYOTlic1KBzLmbopotrz2pw6QTiFAMbdv6w=="
    }
  },
  "dependencies": {
    "docsify-mermaid": {
      "version": "1.0.0",
      "resolved": "https://registry.npmjs.org/docsify-mermaid/-/docsify-mermaid-1.0.0.tgz",
      "integrity": "sha512-KytoHFO0Geo+qgl3UjH5s8Y5sl0JSN61PKosbsM0TfeywhwT9EktYOTlic1KBzLmbopotrz2pw6QTiFAMbdv6w=="
    }
  }
}
